
Microsoft Visual Studio Solution File, Format Version 12.00
Project("{FAE04EC0-301F-11D3-BF4B-00C04F79EFBC}") = "Calculator_ExpTrees", "Calculator_ExpTrees\Calculator_ExpTrees.csproj", "{50466BFF-6513-4C04-8F04-1BC8FF75EFBB}"
EndProject
Project("{FAE04EC0-301F-11D3-BF4B-00C04F79EFBC}") = "CalculatorTests", "CalculatorTests\CalculatorTests.csproj", "{025880AE-C914-4066-BAC8-C6824BFE7BBF}"
EndProject
Global
	GlobalSection(SolutionConfigurationPlatforms) = preSolution
		Debug|Any CPU = Debug|Any CPU
		Release|Any CPU = Release|Any CPU
	EndGlobalSection
	GlobalSection(ProjectConfigurationPlatforms) = postSolution
		{50466BFF-6513-4C04-8F04-1BC8FF75EFBB}.Debug|Any CPU.ActiveCfg = Debug|Any CPU
		{50466BFF-6513-4C04-8F04-1BC8FF75EFBB}.Debug|Any CPU.Build.0 = Debug|Any CPU
		{50466BFF-6513-4C04-8F04-1BC8FF75EFBB}.Release|Any CPU.ActiveCfg = Release|Any CPU
		{50466BFF-6513-4C04-8F04-1BC8FF75EFBB}.Release|Any CPU.Build.0 = Release|Any CPU
		{025880AE-C914-4066-BAC8-C6824BFE7BBF}.Debug|Any CPU.ActiveCfg = Debug|Any CPU
		{025880AE-C914-4066-BAC8-C6824BFE7BBF}.Debug|Any CPU.Build.0 = Debug|Any CPU
		{025880AE-C914-4066-BAC8-C6824BFE7BBF}.Release|Any CPU.ActiveCfg = Release|Any CPU
		{025880AE-C914-4066-BAC8-C6824BFE7BBF}.Release|Any CPU.Build.0 = Release|Any CPU
	EndGlobalSection
EndGlobal
