
Microsoft Visual Studio Solution File, Format Version 12.00
Project("{FAE04EC0-301F-11D3-BF4B-00C04F79EFBC}") = "Calculator_MVC", "Calculator_MVC\Calculator_MVC.csproj", "{2F978DA7-ECD6-435D-90C1-9E6CF0BA00B8}"
EndProject
Project("{FAE04EC0-301F-11D3-BF4B-00C04F79EFBC}") = "TestMVC", "TestMVC\TestMVC.csproj", "{22A4AF8F-845C-41AD-8EF4-4751B10D899D}"
EndProject
Global
	GlobalSection(SolutionConfigurationPlatforms) = preSolution
		Debug|Any CPU = Debug|Any CPU
		Release|Any CPU = Release|Any CPU
	EndGlobalSection
	GlobalSection(ProjectConfigurationPlatforms) = postSolution
		{2F978DA7-ECD6-435D-90C1-9E6CF0BA00B8}.Debug|Any CPU.ActiveCfg = Debug|Any CPU
		{2F978DA7-ECD6-435D-90C1-9E6CF0BA00B8}.Debug|Any CPU.Build.0 = Debug|Any CPU
		{2F978DA7-ECD6-435D-90C1-9E6CF0BA00B8}.Release|Any CPU.ActiveCfg = Release|Any CPU
		{2F978DA7-ECD6-435D-90C1-9E6CF0BA00B8}.Release|Any CPU.Build.0 = Release|Any CPU
		{22A4AF8F-845C-41AD-8EF4-4751B10D899D}.Debug|Any CPU.ActiveCfg = Debug|Any CPU
		{22A4AF8F-845C-41AD-8EF4-4751B10D899D}.Debug|Any CPU.Build.0 = Debug|Any CPU
		{22A4AF8F-845C-41AD-8EF4-4751B10D899D}.Release|Any CPU.ActiveCfg = Release|Any CPU
		{22A4AF8F-845C-41AD-8EF4-4751B10D899D}.Release|Any CPU.Build.0 = Release|Any CPU
	EndGlobalSection
EndGlobal
