
Microsoft Visual Studio Solution File, Format Version 12.00
Project("{FAE04EC0-301F-11D3-BF4B-00C04F79EFBC}") = "HW11", "HW11\HW11.csproj", "{C5DDCC40-474E-45C1-8FF4-2977EFF10FC4}"
EndProject
Global
	GlobalSection(SolutionConfigurationPlatforms) = preSolution
		Debug|Any CPU = Debug|Any CPU
		Release|Any CPU = Release|Any CPU
	EndGlobalSection
	GlobalSection(ProjectConfigurationPlatforms) = postSolution
		{C5DDCC40-474E-45C1-8FF4-2977EFF10FC4}.Debug|Any CPU.ActiveCfg = Debug|Any CPU
		{C5DDCC40-474E-45C1-8FF4-2977EFF10FC4}.Debug|Any CPU.Build.0 = Debug|Any CPU
		{C5DDCC40-474E-45C1-8FF4-2977EFF10FC4}.Release|Any CPU.ActiveCfg = Release|Any CPU
		{C5DDCC40-474E-45C1-8FF4-2977EFF10FC4}.Release|Any CPU.Build.0 = Release|Any CPU
	EndGlobalSection
EndGlobal
