
Microsoft Visual Studio Solution File, Format Version 12.00
Project("{F2A71F9B-5D33-465A-A702-920D77279786}") = "Calculator _RCE", "Calculator _RCE\Calculator _RCE.fsproj", "{6016BB62-F44E-45C5-9C5E-02F37BCCDF33}"
EndProject
Project("{FAE04EC0-301F-11D3-BF4B-00C04F79EFBC}") = "TestCalculator_RCE", "TestCalculator_RCE\TestCalculator_RCE.csproj", "{D3F04B20-0807-413B-AA25-795A6EFB6B81}"
EndProject
Global
	GlobalSection(SolutionConfigurationPlatforms) = preSolution
		Debug|Any CPU = Debug|Any CPU
		Release|Any CPU = Release|Any CPU
	EndGlobalSection
	GlobalSection(ProjectConfigurationPlatforms) = postSolution
		{6016BB62-F44E-45C5-9C5E-02F37BCCDF33}.Debug|Any CPU.ActiveCfg = Debug|Any CPU
		{6016BB62-F44E-45C5-9C5E-02F37BCCDF33}.Debug|Any CPU.Build.0 = Debug|Any CPU
		{6016BB62-F44E-45C5-9C5E-02F37BCCDF33}.Release|Any CPU.ActiveCfg = Release|Any CPU
		{6016BB62-F44E-45C5-9C5E-02F37BCCDF33}.Release|Any CPU.Build.0 = Release|Any CPU
		{D3F04B20-0807-413B-AA25-795A6EFB6B81}.Debug|Any CPU.ActiveCfg = Debug|Any CPU
		{D3F04B20-0807-413B-AA25-795A6EFB6B81}.Debug|Any CPU.Build.0 = Debug|Any CPU
		{D3F04B20-0807-413B-AA25-795A6EFB6B81}.Release|Any CPU.ActiveCfg = Release|Any CPU
		{D3F04B20-0807-413B-AA25-795A6EFB6B81}.Release|Any CPU.Build.0 = Release|Any CPU
	EndGlobalSection
EndGlobal
